
Microsoft Visual Studio Solution File, Format Version 12.00
# Visual Studio Version 17
VisualStudioVersion = 17.13.35919.96 d17.13
MinimumVisualStudioVersion = 10.0.40219.1
Project("{FAE04EC0-301F-11D3-BF4B-00C04F79EFBC}") = "PracticandoConInterfaces", "PracticandoConInterfaces\PracticandoConInterfaces.csproj", "{374BB412-F772-4340-8314-C0AB0AA2031D}"
EndProject
Global
	GlobalSection(SolutionConfigurationPlatforms) = preSolution
		Debug|Any CPU = Debug|Any CPU
		Release|Any CPU = Release|Any CPU
	EndGlobalSection
	GlobalSection(ProjectConfigurationPlatforms) = postSolution
		{374BB412-F772-4340-8314-C0AB0AA2031D}.Debug|Any CPU.ActiveCfg = Debug|Any CPU
		{374BB412-F772-4340-8314-C0AB0AA2031D}.Debug|Any CPU.Build.0 = Debug|Any CPU
		{374BB412-F772-4340-8314-C0AB0AA2031D}.Release|Any CPU.ActiveCfg = Release|Any CPU
		{374BB412-F772-4340-8314-C0AB0AA2031D}.Release|Any CPU.Build.0 = Release|Any CPU
	EndGlobalSection
	GlobalSection(SolutionProperties) = preSolution
		HideSolutionNode = FALSE
	EndGlobalSection
	GlobalSection(ExtensibilityGlobals) = postSolution
		SolutionGuid = {5DC9858C-2466-4F75-A9AC-CD91FCCE425B}
	EndGlobalSection
EndGlobal
